lockfileVersion: 5.4

specifiers:
  next: canary
  react: 18.1.0
  react-dom: 18.1.0

dependencies:
  next: 12.1.7-canary.5_ef5jwxihqo6n7gxfmzogljlgcm
  react: 18.1.0
  react-dom: 18.1.0_react@18.1.0

packages:

  /@next/env/12.1.7-canary.5:
    resolution: {integrity: sha512-0rGeVZtQspVa00pKMP2DUdwflWdvB84t0aKg7eq7lyUZhRmyinJcMgYPRuXueSj94CbmvmYr+AEL95le1f04cA==}
    dev: false

  /@next/swc-android-arm-eabi/12.1.7-canary.5:
    resolution: {integrity: sha512-Llt7sfBtQ9PsvQY//FvVY66megB55ybS+RURG9MyqLUhy6tKY2qqCcaPL5P8daB8Dif1p+bpLkiI3KazsZb8Pg==}
    engines: {node: '>= 10'}
    cpu: [arm]
    os: [android]
    requiresBuild: true
    dev: false
    optional: true

  /@next/swc-android-arm64/12.1.7-canary.5:
    resolution: {integrity: sha512-86S3pcLRyqASiXZXOkk/Z+J87FzY/C0OuB3v4uiz7dlonpA4j6o5GgZqfrZI68ChD1r/Oba5OtpJQzhsR08rbg==}
    engines: {node: '>= 10'}
    cpu: [arm64]
    os: [android]
    requiresBuild: true
    dev: false
    optional: true

  /@next/swc-darwin-arm64/12.1.7-canary.5:
    resolution: {integrity: sha512-Bc+MulET1GiRCCBSaU6c+pNNg7nEkJBdDqSKyB7IzUFQ2bazpe38VA5a451qL70XwbW79avuqBbQeORrdLTmLw==}
    engines: {node: '>= 10'}
    cpu: [arm64]
    os: [darwin]
    requiresBuild: true
    dev: false
    optional: true

  /@next/swc-darwin-x64/12.1.7-canary.5:
    resolution: {integrity: sha512-/MieYvtbfHgXvshqjA7UvM+otzBwPDlbCA1OkK1R49pGb5BiPQWjUI/SNSyopiAA2v2nSeovuhVwQ54ih+QT9Q==}
    engines: {node: '>= 10'}
    cpu: [x64]
    os: [darwin]
    requiresBuild: true
    dev: false
    optional: true

  /@next/swc-freebsd-x64/12.1.7-canary.5:
    resolution: {integrity: sha512-oydZh0bIQDLUu/DMvXUAQSZX8rACGRGeLcrkMbn8KtjHBbVZLalqJi85U3BefIMqxrA4xtL+lezqZZi3/7bmsQ==}
    engines: {node: '>= 10'}
    cpu: [x64]
    os: [freebsd]
    requiresBuild: true
    dev: false
    optional: true

  /@next/swc-linux-arm-gnueabihf/12.1.7-canary.5:
    resolution: {integrity: sha512-/9W0oavmSKl4YeI8kELYCJMIbNasf7txnlTagKZfQN3Hy6trUUs42GJFBWanYvgswD5Q4HGetCvjLLAGewQmrQ==}
    engines: {node: '>= 10'}
    cpu: [arm]
    os: [linux]
    requiresBuild: true
    dev: false
    optional: true

  /@next/swc-linux-arm64-gnu/12.1.7-canary.5:
    resolution: {integrity: sha512-HCQRSJ3tqaXrGzddj3oKbL3sKh5YvP6aiiGRgFES8lArsDdfctwWmO9/yIiv+x0e0qUYfTZR9+RMcXL6XRRq8A==}
    engines: {node: '>= 10'}
    cpu: [arm64]
    os: [linux]
    requiresBuild: true
    dev: false
    optional: true

  /@next/swc-linux-arm64-musl/12.1.7-canary.5:
    resolution: {integrity: sha512-E4eYdeyaBMYsvZV8jEEu0MGhmaYHr65NpAL4RTIcyRQFwuXWPg1EqNNYLUjtNEkhqi7DpkK8dW2bBDt/E2HT+Q==}
    engines: {node: '>= 10'}
    cpu: [arm64]
    os: [linux]
    requiresBuild: true
    dev: false
    optional: true

  /@next/swc-linux-x64-gnu/12.1.7-canary.5:
    resolution: {integrity: sha512-Xsv3PpheXo1/4lR7QNJuG+S0sP7l+goz6AbDnYLNJXv3z1/Gh+j4EJP1d832E2kWUf3gnjQrh93aTyFJ3bsbEA==}
    engines: {node: '>= 10'}
    cpu: [x64]
    os: [linux]
    requiresBuild: true
    dev: false
    optional: true

  /@next/swc-linux-x64-musl/12.1.7-canary.5:
    resolution: {integrity: sha512-Tflt6QMpnp+We8yhGoMyXn+G/IRXIXyTFWNHdaC353WaB63Dt9ItfPQqEQzWdeKgAxYuAgXP+jxN4zLpAy8cGg==}
    engines: {node: '>= 10'}
    cpu: [x64]
    os: [linux]
    requiresBuild: true
    dev: false
    optional: true

  /@next/swc-win32-arm64-msvc/12.1.7-canary.5:
    resolution: {integrity: sha512-tOLG8mjqX9WCh8tDZXunpYb9hHzcs9REnJEMaL/y+8QmbNZKWf1kQtDFzTmWONmyruCluEMzKpa8PYR4pJwS2w==}
    engines: {node: '>= 10'}
    cpu: [arm64]
    os: [win32]
    requiresBuild: true
    dev: false
    optional: true

  /@next/swc-win32-ia32-msvc/12.1.7-canary.5:
    resolution: {integrity: sha512-8kBH2xoYFzQGKWZlM2L656qiAdMc/HdvLsz/BT+4m0i/G/lLMWTOqc/16qKS6TX8Ui9noF6KYMQqeXWpBk9org==}
    engines: {node: '>= 10'}
    cpu: [ia32]
    os: [win32]
    requiresBuild: true
    dev: false
    optional: true

  /@next/swc-win32-x64-msvc/12.1.7-canary.5:
    resolution: {integrity: sha512-HzEfuS5bYj1TYeBxkS06b9e3ZAD/qGtveV949wubanLaDmYJRCd83FC5QR8Ro4j2dk3u8f60f81j431L5b500A==}
    engines: {node: '>= 10'}
    cpu: [x64]
    os: [win32]
    requiresBuild: true
    dev: false
    optional: true

  /caniuse-lite/1.0.30001340:
    resolution: {integrity: sha512-jUNz+a9blQTQVu4uFcn17uAD8IDizPzQkIKh3LCJfg9BkyIqExYYdyc/ZSlWUSKb8iYiXxKsxbv4zYSvkqjrxw==}
    dev: false

  /js-tokens/4.0.0:
    resolution: {integrity: sha512-RdJUflcE3cUzKiMqQgsCu06FPu9UdIJO0beYbPhHN4k6apgJtifcoCtT9bcxOpYBtpD2kCM6Sbzg4CausW/PKQ==}
    dev: false

  /loose-envify/1.4.0:
    resolution: {integrity: sha512-lyuxPGr/Wfhrlem2CL/UcnUc1zcqKAImBDzukY7Y5F/yQiNdko6+fRLevlw1HgMySw7f611UIY408EtxRSoK3Q==}
    hasBin: true
    dependencies:
      js-tokens: 4.0.0
    dev: false

  /nanoid/3.3.4:
    resolution: {integrity: sha512-MqBkQh/OHTS2egovRtLk45wEyNXwF+cokD+1YPf9u5VfJiRdAiRwB2froX5Co9Rh20xs4siNPm8naNotSD6RBw==}
    engines: {node: ^10 || ^12 || ^13.7 || ^14 || >=15.0.1}
    hasBin: true
    dev: false

  /next/12.1.7-canary.5_ef5jwxihqo6n7gxfmzogljlgcm:
    resolution: {integrity: sha512-ruRZ+96KlHO7jDg16jbun54r5BdFyyrK9UKAFH0wb468EnSHPdJs/J+ZUDoAM2k6+pIfHzUCx9Pk/1IiEv6Ujw==}
    engines: {node: '>=12.22.0'}
    hasBin: true
    peerDependencies:
      fibers: '>= 3.1.0'
      node-sass: ^6.0.0 || ^7.0.0
      react: ^17.0.2 || ^18.0.0-0
      react-dom: ^17.0.2 || ^18.0.0-0
      sass: ^1.3.0
    peerDependenciesMeta:
      fibers:
        optional: true
      node-sass:
        optional: true
      sass:
        optional: true
    dependencies:
      '@next/env': 12.1.7-canary.5
      caniuse-lite: 1.0.30001340
      postcss: 8.4.5
      react: 18.1.0
      react-dom: 18.1.0_react@18.1.0
      styled-jsx: 5.0.2_react@18.1.0
      use-sync-external-store: 1.1.0_react@18.1.0
    optionalDependencies:
      '@next/swc-android-arm-eabi': 12.1.7-canary.5
      '@next/swc-android-arm64': 12.1.7-canary.5
      '@next/swc-darwin-arm64': 12.1.7-canary.5
      '@next/swc-darwin-x64': 12.1.7-canary.5
      '@next/swc-freebsd-x64': 12.1.7-canary.5
      '@next/swc-linux-arm-gnueabihf': 12.1.7-canary.5
      '@next/swc-linux-arm64-gnu': 12.1.7-canary.5
      '@next/swc-linux-arm64-musl': 12.1.7-canary.5
      '@next/swc-linux-x64-gnu': 12.1.7-canary.5
      '@next/swc-linux-x64-musl': 12.1.7-canary.5
      '@next/swc-win32-arm64-msvc': 12.1.7-canary.5
      '@next/swc-win32-ia32-msvc': 12.1.7-canary.5
      '@next/swc-win32-x64-msvc': 12.1.7-canary.5
    transitivePeerDependencies:
      - '@babel/core'
      - babel-plugin-macros
    dev: false

  /picocolors/1.0.0:
    resolution: {integrity: sha512-1fygroTLlHu66zi26VoTDv8yRgm0Fccecssto+MhsZ0D/DGW2sm8E8AjW7NU5VVTRt5GxbeZ5qBuJr+HyLYkjQ==}
    dev: false

  /postcss/8.4.5:
    resolution: {integrity: sha512-jBDboWM8qpaqwkMwItqTQTiFikhs/67OYVvblFFTM7MrZjt6yMKd6r2kgXizEbTTljacm4NldIlZnhbjr84QYg==}
    engines: {node: ^10 || ^12 || >=14}
    dependencies:
      nanoid: 3.3.4
      picocolors: 1.0.0
      source-map-js: 1.0.2
    dev: false

  /react-dom/18.1.0_react@18.1.0:
    resolution: {integrity: sha512-fU1Txz7Budmvamp7bshe4Zi32d0ll7ect+ccxNu9FlObT605GOEB8BfO4tmRJ39R5Zj831VCpvQ05QPBW5yb+w==}
    peerDependencies:
      react: ^18.1.0
    dependencies:
      loose-envify: 1.4.0
      react: 18.1.0
      scheduler: 0.22.0
    dev: false

  /react/18.1.0:
    resolution: {integrity: sha512-4oL8ivCz5ZEPyclFQXaNksK3adutVS8l2xzZU0cqEFrE9Sb7fC0EFK5uEk74wIreL1DERyjvsU915j1pcT2uEQ==}
    engines: {node: '>=0.10.0'}
    dependencies:
      loose-envify: 1.4.0
    dev: false

  /scheduler/0.22.0:
    resolution: {integrity: sha512-6QAm1BgQI88NPYymgGQLCZgvep4FyePDWFpXVK+zNSUgHwlqpJy8VEh8Et0KxTACS4VWwMousBElAZOH9nkkoQ==}
    dependencies:
      loose-envify: 1.4.0
    dev: false

  /source-map-js/1.0.2:
    resolution: {integrity: sha512-R0XvVJ9WusLiqTCEiGCmICCMplcCkIwwR11mOSD9CR5u+IXYdiseeEuXCVAjS54zqwkLcPNnmU4OeJ6tUrWhDw==}
    engines: {node: '>=0.10.0'}
    dev: false

  /styled-jsx/5.0.2_react@18.1.0:
    resolution: {integrity: sha512-LqPQrbBh3egD57NBcHET4qcgshPks+yblyhPlH2GY8oaDgKs8SK4C3dBh3oSJjgzJ3G5t1SYEZGHkP+QEpX9EQ==}
    engines: {node: '>= 12.0.0'}
    peerDependencies:
      '@babel/core': '*'
      babel-plugin-macros: '*'
      react: '>= 16.8.0 || 17.x.x || ^18.0.0-0'
    peerDependenciesMeta:
      '@babel/core':
        optional: true
      babel-plugin-macros:
        optional: true
    dependencies:
      react: 18.1.0
    dev: false

  /use-sync-external-store/1.1.0_react@18.1.0:
    resolution: {integrity: sha512-SEnieB2FPKEVne66NpXPd1Np4R1lTNKfjuy3XdIoPQKYBAFdzbzSZlSn1KJZUiihQLQC5Znot4SBz1EOTBwQAQ==}
    peerDependencies:
      react: ^16.8.0 || ^17.0.0 || ^18.0.0
    dependencies:
      react: 18.1.0
    dev: false
